
Microsoft Visual Studio Solution File, Format Version 12.00
# Visual Studio Version 17
VisualStudioVersion = 17.11.34909.67
MinimumVisualStudioVersion = 10.0.40219.1
Project("{2150E333-8FDC-42A3-9474-1A3956D46DE8}") = "BootStrapper", "BootStrapper", "{AB53738C-BB4D-4300-A4E5-3FAA0F0B9B83}"
EndProject
Project("{2150E333-8FDC-42A3-9474-1A3956D46DE8}") = "Modules", "Modules", "{40845249-1833-48E5-BB26-CAD80A51DB89}"
EndProject
Project("{2150E333-8FDC-42A3-9474-1A3956D46DE8}") = "Shared", "Shared", "{3614969C-B565-4BC0-AD5B-08EAF319AA34}"
EndProject
Project("{FAE04EC0-301F-11D3-BF4B-00C04F79EFBC}") = "Api", "Bootstrapper\Api\Api.csproj", "{4D84CA9D-DC2E-45D2-8E9A-A1A9EDE030C8}"
EndProject
Project("{2150E333-8FDC-42A3-9474-1A3956D46DE8}") = "Catalog", "Catalog", "{6F492AC5-E96B-4542-BFCE-ED54BF40E2EE}"
EndProject
Project("{2150E333-8FDC-42A3-9474-1A3956D46DE8}") = "Basket", "Basket", "{0737C872-E4FB-415D-B161-6CBDAFA2837D}"
EndProject
Project("{2150E333-8FDC-42A3-9474-1A3956D46DE8}") = "Ordering", "Ordering", "{53A618AC-F63F-4DA5-8314-42D3B9F1AA16}"
EndProject
Project("{FAE04EC0-301F-11D3-BF4B-00C04F79EFBC}") = "Ordering", "Modules\Ordering\Ordering\Ordering.csproj", "{D86D41D6-9832-41FE-9FA1-7FF883FDF666}"
EndProject
Project("{FAE04EC0-301F-11D3-BF4B-00C04F79EFBC}") = "Catalog", "Modules\Catalog\Catalog\Catalog.csproj", "{139AF522-13C3-4358-8BA3-F73DA468D2DB}"
EndProject
Project("{FAE04EC0-301F-11D3-BF4B-00C04F79EFBC}") = "Basket", "Modules\Basket\Basket\Basket.csproj", "{3C79C896-CA4E-4D01-8C19-19B0ADA28C22}"
EndProject
Project("{FAE04EC0-301F-11D3-BF4B-00C04F79EFBC}") = "Shared", "Shared\Shared\Shared.csproj", "{DB4FEF4E-C628-4945-975A-3F4F3FA95012}"
EndProject
Global
	GlobalSection(SolutionConfigurationPlatforms) = preSolution
		Debug|Any CPU = Debug|Any CPU
		Release|Any CPU = Release|Any CPU
	EndGlobalSection
	GlobalSection(ProjectConfigurationPlatforms) = postSolution
		{4D84CA9D-DC2E-45D2-8E9A-A1A9EDE030C8}.Debug|Any CPU.ActiveCfg = Debug|Any CPU
		{4D84CA9D-DC2E-45D2-8E9A-A1A9EDE030C8}.Debug|Any CPU.Build.0 = Debug|Any CPU
		{4D84CA9D-DC2E-45D2-8E9A-A1A9EDE030C8}.Release|Any CPU.ActiveCfg = Release|Any CPU
		{4D84CA9D-DC2E-45D2-8E9A-A1A9EDE030C8}.Release|Any CPU.Build.0 = Release|Any CPU
		{D86D41D6-9832-41FE-9FA1-7FF883FDF666}.Debug|Any CPU.ActiveCfg = Debug|Any CPU
		{D86D41D6-9832-41FE-9FA1-7FF883FDF666}.Debug|Any CPU.Build.0 = Debug|Any CPU
		{D86D41D6-9832-41FE-9FA1-7FF883FDF666}.Release|Any CPU.ActiveCfg = Release|Any CPU
		{D86D41D6-9832-41FE-9FA1-7FF883FDF666}.Release|Any CPU.Build.0 = Release|Any CPU
		{139AF522-13C3-4358-8BA3-F73DA468D2DB}.Debug|Any CPU.ActiveCfg = Debug|Any CPU
		{139AF522-13C3-4358-8BA3-F73DA468D2DB}.Debug|Any CPU.Build.0 = Debug|Any CPU
		{139AF522-13C3-4358-8BA3-F73DA468D2DB}.Release|Any CPU.ActiveCfg = Release|Any CPU
		{139AF522-13C3-4358-8BA3-F73DA468D2DB}.Release|Any CPU.Build.0 = Release|Any CPU
		{3C79C896-CA4E-4D01-8C19-19B0ADA28C22}.Debug|Any CPU.ActiveCfg = Debug|Any CPU
		{3C79C896-CA4E-4D01-8C19-19B0ADA28C22}.Debug|Any CPU.Build.0 = Debug|Any CPU
		{3C79C896-CA4E-4D01-8C19-19B0ADA28C22}.Release|Any CPU.ActiveCfg = Release|Any CPU
		{3C79C896-CA4E-4D01-8C19-19B0ADA28C22}.Release|Any CPU.Build.0 = Release|Any CPU
		{DB4FEF4E-C628-4945-975A-3F4F3FA95012}.Debug|Any CPU.ActiveCfg = Debug|Any CPU
		{DB4FEF4E-C628-4945-975A-3F4F3FA95012}.Debug|Any CPU.Build.0 = Debug|Any CPU
		{DB4FEF4E-C628-4945-975A-3F4F3FA95012}.Release|Any CPU.ActiveCfg = Release|Any CPU
		{DB4FEF4E-C628-4945-975A-3F4F3FA95012}.Release|Any CPU.Build.0 = Release|Any CPU
	EndGlobalSection
	GlobalSection(SolutionProperties) = preSolution
		HideSolutionNode = FALSE
	EndGlobalSection
	GlobalSection(NestedProjects) = preSolution
		{4D84CA9D-DC2E-45D2-8E9A-A1A9EDE030C8} = {AB53738C-BB4D-4300-A4E5-3FAA0F0B9B83}
		{6F492AC5-E96B-4542-BFCE-ED54BF40E2EE} = {40845249-1833-48E5-BB26-CAD80A51DB89}
		{0737C872-E4FB-415D-B161-6CBDAFA2837D} = {40845249-1833-48E5-BB26-CAD80A51DB89}
		{53A618AC-F63F-4DA5-8314-42D3B9F1AA16} = {40845249-1833-48E5-BB26-CAD80A51DB89}
		{D86D41D6-9832-41FE-9FA1-7FF883FDF666} = {53A618AC-F63F-4DA5-8314-42D3B9F1AA16}
		{139AF522-13C3-4358-8BA3-F73DA468D2DB} = {6F492AC5-E96B-4542-BFCE-ED54BF40E2EE}
		{3C79C896-CA4E-4D01-8C19-19B0ADA28C22} = {0737C872-E4FB-415D-B161-6CBDAFA2837D}
		{DB4FEF4E-C628-4945-975A-3F4F3FA95012} = {3614969C-B565-4BC0-AD5B-08EAF319AA34}
	EndGlobalSection
	GlobalSection(ExtensibilityGlobals) = postSolution
		SolutionGuid = {A62A26C9-4692-4195-B204-5E34EF8CCA91}
	EndGlobalSection
EndGlobal
